
Microsoft Visual Studio Solution File, Format Version 12.00
# Visual Studio Version 17
VisualStudioVersion = 17.0.31903.59
MinimumVisualStudioVersion = 10.0.40219.1
Project("{FAE04EC0-301F-11D3-BF4B-00C04F79EFBC}") = "RestaurantRaterMVC.Mvc", "RestaurantRaterMVC.Mvc\RestaurantRaterMVC.csproj", "{2EF021D4-2DC9-4A81-8CE9-7AF5A3696091}"
EndProject
Project("{FAE04EC0-301F-11D3-BF4B-00C04F79EFBC}") = "RestaurantRaterMVC.Models", "RestaurantRaterMVC.Models\RestaurantRaterMVC.Models.csproj", "{201C4A42-3C02-4EF1-92D2-9B5143B6E7C8}"
EndProject
Project("{FAE04EC0-301F-11D3-BF4B-00C04F79EFBC}") = "RestaurantRaterMVC.Data", "RestaurantRaterMVC.Data\RestaurantRaterMVC.Data.csproj", "{498D0827-FF10-4950-8763-E650069492EC}"
EndProject
Project("{FAE04EC0-301F-11D3-BF4B-00C04F79EFBC}") = "RestaurantRaterMVC.Services", "RestaurantRaterMVC.Services\RestaurantRaterMVC.Services.csproj", "{3C83B242-B7EE-457E-8DC7-26325985FB53}"
EndProject
Global
	GlobalSection(SolutionConfigurationPlatforms) = preSolution
		Debug|Any CPU = Debug|Any CPU
		Release|Any CPU = Release|Any CPU
	EndGlobalSection
	GlobalSection(SolutionProperties) = preSolution
		HideSolutionNode = FALSE
	EndGlobalSection
	GlobalSection(ProjectConfigurationPlatforms) = postSolution
		{2EF021D4-2DC9-4A81-8CE9-7AF5A3696091}.Debug|Any CPU.ActiveCfg = Debug|Any CPU
		{2EF021D4-2DC9-4A81-8CE9-7AF5A3696091}.Debug|Any CPU.Build.0 = Debug|Any CPU
		{2EF021D4-2DC9-4A81-8CE9-7AF5A3696091}.Release|Any CPU.ActiveCfg = Release|Any CPU
		{2EF021D4-2DC9-4A81-8CE9-7AF5A3696091}.Release|Any CPU.Build.0 = Release|Any CPU
		{201C4A42-3C02-4EF1-92D2-9B5143B6E7C8}.Debug|Any CPU.ActiveCfg = Debug|Any CPU
		{201C4A42-3C02-4EF1-92D2-9B5143B6E7C8}.Debug|Any CPU.Build.0 = Debug|Any CPU
		{201C4A42-3C02-4EF1-92D2-9B5143B6E7C8}.Release|Any CPU.ActiveCfg = Release|Any CPU
		{201C4A42-3C02-4EF1-92D2-9B5143B6E7C8}.Release|Any CPU.Build.0 = Release|Any CPU
		{498D0827-FF10-4950-8763-E650069492EC}.Debug|Any CPU.ActiveCfg = Debug|Any CPU
		{498D0827-FF10-4950-8763-E650069492EC}.Debug|Any CPU.Build.0 = Debug|Any CPU
		{498D0827-FF10-4950-8763-E650069492EC}.Release|Any CPU.ActiveCfg = Release|Any CPU
		{498D0827-FF10-4950-8763-E650069492EC}.Release|Any CPU.Build.0 = Release|Any CPU
		{3C83B242-B7EE-457E-8DC7-26325985FB53}.Debug|Any CPU.ActiveCfg = Debug|Any CPU
		{3C83B242-B7EE-457E-8DC7-26325985FB53}.Debug|Any CPU.Build.0 = Debug|Any CPU
		{3C83B242-B7EE-457E-8DC7-26325985FB53}.Release|Any CPU.ActiveCfg = Release|Any CPU
		{3C83B242-B7EE-457E-8DC7-26325985FB53}.Release|Any CPU.Build.0 = Release|Any CPU
	EndGlobalSection
EndGlobal
